<?xml version="1.0" encoding="utf-8"?>
<Project ToolsVersion="4.0" xmlns="http://schemas.microsoft.com/developer/msbuild/2003">
  <ItemGroup>
    <Filter Include="Code">
      <UniqueIdentifier>{4FC737F1-C7A5-4376-A066-2A32D752A2FF}</UniqueIdentifier>
      <Extensions>cpp;c;cc;cxx;c++;cppm;ixx;def;odl;idl;hpj;bat;asm;asmx</Extensions>
    </Filter>
    <Filter Include="Texture">
      <UniqueIdentifier>{67DA6AB6-F800-4c08-8B7A-83BB121AAD01}</UniqueIdentifier>
      <Extensions>rc;ico;cur;bmp;dlg;rc2;rct;bin;rgs;gif;jpg;jpeg;jpe;resx;tiff;tif;png;wav;mfcribbon-ms</Extensions>
    </Filter>
    <Filter Include="Shader">
      <UniqueIdentifier>{93995380-89BD-4b04-88EB-625FBE52EBFB}</UniqueIdentifier>
      <Extensions>h;hh;hpp;hxx;h++;hm;inl;inc;ipp;xsd</Extensions>
    </Filter>
    <Filter Include="Model">
      <UniqueIdentifier>{6e957d62-9b12-431c-aeb2-3f8f2a7fa65a}</UniqueIdentifier>
    </Filter>
    <Filter Include="External">
      <UniqueIdentifier>{535d5251-68ea-42bb-a79d-58b1290f3716}</UniqueIdentifier>
    </Filter>
    <Filter Include="Code\Header">
      <UniqueIdentifier>{25b5a41b-3129-4886-8d7f-bbae0bf0c663}</UniqueIdentifier>
    </Filter>
    <Filter Include="Code\Source">
      <UniqueIdentifier>{c8998182-6060-436d-ad9a-b5123500c11b}</UniqueIdentifier>
    </Filter>
    <Filter Include="External\DirectXTK12">
      <UniqueIdentifier>{214a057c-846e-462c-aeb5-a5517d7eadc8}</UniqueIdentifier>
    </Filter>
    <Filter Include="External\DirectXTK12\Audio">
      <UniqueIdentifier>{e0cb4868-c814-4b89-89ae-9de4362df0a3}</UniqueIdentifier>
    </Filter>
    <Filter Include="External\DirectXTK12\Inc">
      <UniqueIdentifier>{0b3c435c-3881-4cd3-b075-50dee9dc64b0}</UniqueIdentifier>
    </Filter>
    <Filter Include="External\DirectXTK12\Src">
      <UniqueIdentifier>{759ad771-9dad-4a10-9055-ef1847a0f537}</UniqueIdentifier>
    </Filter>
    <Filter Include="External\DXC">
      <UniqueIdentifier>{56e0aa1b-e14b-480d-a58b-70043460de07}</UniqueIdentifier>
    </Filter>
    <Filter Include="External\imgui">
      <UniqueIdentifier>{5bf34c99-8e87-497a-8f45-592e3ab7c1ec}</UniqueIdentifier>
    </Filter>
    <Filter Include="External\imgui\backends">
      <UniqueIdentifier>{fc7a0f76-98be-40ea-8487-c73296fb857a}</UniqueIdentifier>
    </Filter>
    <Filter Include="Bin">
      <UniqueIdentifier>{94fb44f3-afa9-4770-83b3-e1b534401667}</UniqueIdentifier>
    </Filter>
    <Filter Include="Inter">
      <UniqueIdentifier>{4fc79756-c924-493f-ad16-0d0a3f7fe695}</UniqueIdentifier>
    </Filter>
  </ItemGroup>
  <ItemGroup>
    <ClInclude Include="Code\Header\BaseApp.h">
      <Filter>Code\Header</Filter>
    </ClInclude>
    <ClInclude Include="Code\Header\SteelBalletApp.h">
      <Filter>Code\Header</Filter>
    </ClInclude>
    <ClInclude Include="Code\Header\Timer.h">
      <Filter>Code\Header</Filter>
    </ClInclude>
    <ClInclude Include="External\DirectXTK12\Audio\SoundCommon.h">
      <Filter>External\DirectXTK12\Audio</Filter>
    </ClInclude>
    <ClInclude Include="External\DirectXTK12\Audio\WaveBankReader.h">
      <Filter>External\DirectXTK12\Audio</Filter>
    </ClInclude>
    <ClInclude Include="External\DirectXTK12\Audio\WAVFileReader.h">
      <Filter>External\DirectXTK12\Audio</Filter>
    </ClInclude>
    <ClInclude Include="External\DirectXTK12\Inc\Audio.h">
      <Filter>External\DirectXTK12\Inc</Filter>
    </ClInclude>
    <ClInclude Include="External\DirectXTK12\Inc\BufferHelpers.h">
      <Filter>External\DirectXTK12\Inc</Filter>
    </ClInclude>
    <ClInclude Include="External\DirectXTK12\Inc\CommonStates.h">
      <Filter>External\DirectXTK12\Inc</Filter>
    </ClInclude>
    <ClInclude Include="External\DirectXTK12\Inc\DDSTextureLoader.h">
      <Filter>External\DirectXTK12\Inc</Filter>
    </ClInclude>
    <ClInclude Include="External\DirectXTK12\Inc\DescriptorHeap.h">
      <Filter>External\DirectXTK12\Inc</Filter>
    </ClInclude>
    <ClInclude Include="External\DirectXTK12\Inc\DirectXHelpers.h">
      <Filter>External\DirectXTK12\Inc</Filter>
    </ClInclude>
    <ClInclude Include="External\DirectXTK12\Inc\EffectPipelineStateDescription.h">
      <Filter>External\DirectXTK12\Inc</Filter>
    </ClInclude>
    <ClInclude Include="External\DirectXTK12\Inc\Effects.h">
      <Filter>External\DirectXTK12\Inc</Filter>
    </ClInclude>
    <ClInclude Include="External\DirectXTK12\Inc\GamePad.h">
      <Filter>External\DirectXTK12\Inc</Filter>
    </ClInclude>
    <ClInclude Include="External\DirectXTK12\Inc\GeometricPrimitive.h">
      <Filter>External\DirectXTK12\Inc</Filter>
    </ClInclude>
    <ClInclude Include="External\DirectXTK12\Inc\GraphicsMemory.h">
      <Filter>External\DirectXTK12\Inc</Filter>
    </ClInclude>
    <ClInclude Include="External\DirectXTK12\Inc\Keyboard.h">
      <Filter>External\DirectXTK12\Inc</Filter>
    </ClInclude>
    <ClInclude Include="External\DirectXTK12\Inc\Model.h">
      <Filter>External\DirectXTK12\Inc</Filter>
    </ClInclude>
    <ClInclude Include="External\DirectXTK12\Inc\Mouse.h">
      <Filter>External\DirectXTK12\Inc</Filter>
    </ClInclude>
    <ClInclude Include="External\DirectXTK12\Inc\PostProcess.h">
      <Filter>External\DirectXTK12\Inc</Filter>
    </ClInclude>
    <ClInclude Include="External\DirectXTK12\Inc\PrimitiveBatch.h">
      <Filter>External\DirectXTK12\Inc</Filter>
    </ClInclude>
    <ClInclude Include="External\DirectXTK12\Inc\RenderTargetState.h">
      <Filter>External\DirectXTK12\Inc</Filter>
    </ClInclude>
    <ClInclude Include="External\DirectXTK12\Inc\ResourceUploadBatch.h">
      <Filter>External\DirectXTK12\Inc</Filter>
    </ClInclude>
    <ClInclude Include="External\DirectXTK12\Inc\ScreenGrab.h">
      <Filter>External\DirectXTK12\Inc</Filter>
    </ClInclude>
    <ClInclude Include="External\DirectXTK12\Inc\SimpleMath.h">
      <Filter>External\DirectXTK12\Inc</Filter>
    </ClInclude>
    <ClInclude Include="External\DirectXTK12\Inc\SpriteBatch.h">
      <Filter>External\DirectXTK12\Inc</Filter>
    </ClInclude>
    <ClInclude Include="External\DirectXTK12\Inc\SpriteFont.h">
      <Filter>External\DirectXTK12\Inc</Filter>
    </ClInclude>
    <ClInclude Include="External\DirectXTK12\Inc\VertexTypes.h">
      <Filter>External\DirectXTK12\Inc</Filter>
    </ClInclude>
    <ClInclude Include="External\DirectXTK12\Inc\WICTextureLoader.h">
      <Filter>External\DirectXTK12\Inc</Filter>
    </ClInclude>
    <ClInclude Include="External\DirectXTK12\Inc\XboxDDSTextureLoader.h">
      <Filter>External\DirectXTK12\Inc</Filter>
    </ClInclude>
    <ClInclude Include="External\DirectXTK12\Src\AlignedNew.h">
      <Filter>External\DirectXTK12\Src</Filter>
    </ClInclude>
    <ClInclude Include="External\DirectXTK12\Src\Bezier.h">
      <Filter>External\DirectXTK12\Src</Filter>
    </ClInclude>
    <ClInclude Include="External\DirectXTK12\Src\BinaryReader.h">
      <Filter>External\DirectXTK12\Src</Filter>
    </ClInclude>
    <ClInclude Include="External\DirectXTK12\Src\CMO.h">
      <Filter>External\DirectXTK12\Src</Filter>
    </ClInclude>
    <ClInclude Include="External\DirectXTK12\Src\d3dx12.h">
      <Filter>External\DirectXTK12\Src</Filter>
    </ClInclude>
    <ClInclude Include="External\DirectXTK12\Src\DDS.h">
      <Filter>External\DirectXTK12\Src</Filter>
    </ClInclude>
    <ClInclude Include="External\DirectXTK12\Src\DemandCreate.h">
      <Filter>External\DirectXTK12\Src</Filter>
    </ClInclude>
    <ClInclude Include="External\DirectXTK12\Src\EffectCommon.h">
      <Filter>External\DirectXTK12\Src</Filter>
    </ClInclude>
    <ClInclude Include="External\DirectXTK12\Src\Geometry.h">
      <Filter>External\DirectXTK12\Src</Filter>
    </ClInclude>
    <ClInclude Include="External\DirectXTK12\Src\LinearAllocator.h">
      <Filter>External\DirectXTK12\Src</Filter>
    </ClInclude>
    <ClInclude Include="External\DirectXTK12\Src\LoaderHelpers.h">
      <Filter>External\DirectXTK12\Src</Filter>
    </ClInclude>
    <ClInclude Include="External\DirectXTK12\Src\pch.h">
      <Filter>External\DirectXTK12\Src</Filter>
    </ClInclude>
    <ClInclude Include="External\DirectXTK12\Src\PlatformHelpers.h">
      <Filter>External\DirectXTK12\Src</Filter>
    </ClInclude>
    <ClInclude Include="External\DirectXTK12\Src\SDKMesh.h">
      <Filter>External\DirectXTK12\Src</Filter>
    </ClInclude>
    <ClInclude Include="External\DirectXTK12\Src\SharedResourcePool.h">
      <Filter>External\DirectXTK12\Src</Filter>
    </ClInclude>
    <ClInclude Include="External\DirectXTK12\Src\vbo.h">
      <Filter>External\DirectXTK12\Src</Filter>
    </ClInclude>
    <ClInclude Include="External\imgui\imconfig.h">
      <Filter>External\imgui</Filter>
    </ClInclude>
    <ClInclude Include="External\imgui\imgui.h">
      <Filter>External\imgui</Filter>
    </ClInclude>
    <ClInclude Include="External\imgui\imgui_internal.h">
      <Filter>External\imgui</Filter>
    </ClInclude>
    <ClInclude Include="External\imgui\imstb_rectpack.h">
      <Filter>External\imgui</Filter>
    </ClInclude>
    <ClInclude Include="External\imgui\imstb_textedit.h">
      <Filter>External\imgui</Filter>
    </ClInclude>
    <ClInclude Include="External\imgui\imstb_truetype.h">
      <Filter>External\imgui</Filter>
    </ClInclude>
    <ClInclude Include="External\imgui\backends\imgui_impl_dx12.h">
      <Filter>External\imgui\backends</Filter>
    </ClInclude>
    <ClInclude Include="External\imgui\backends\imgui_impl_win32.h">
      <Filter>External\imgui\backends</Filter>
    </ClInclude>
  </ItemGroup>
  <ItemGroup>
    <ClCompile Include="Code\Source\main.cpp">
      <Filter>Code\Source</Filter>
    </ClCompile>
    <ClCompile Include="Code\Source\SteelBalletApp.cpp">
      <Filter>Code\Source</Filter>
    </ClCompile>
    <ClCompile Include="External\DirectXTK12\Audio\AudioEngine.cpp">
      <Filter>External\DirectXTK12\Audio</Filter>
    </ClCompile>
    <ClCompile Include="External\DirectXTK12\Audio\DynamicSoundEffectInstance.cpp">
      <Filter>External\DirectXTK12\Audio</Filter>
    </ClCompile>
    <ClCompile Include="External\DirectXTK12\Audio\SoundCommon.cpp">
      <Filter>External\DirectXTK12\Audio</Filter>
    </ClCompile>
    <ClCompile Include="External\DirectXTK12\Audio\SoundEffect.cpp">
      <Filter>External\DirectXTK12\Audio</Filter>
    </ClCompile>
    <ClCompile Include="External\DirectXTK12\Audio\SoundEffectInstance.cpp">
      <Filter>External\DirectXTK12\Audio</Filter>
    </ClCompile>
    <ClCompile Include="External\DirectXTK12\Audio\SoundStreamInstance.cpp">
      <Filter>External\DirectXTK12\Audio</Filter>
    </ClCompile>
    <ClCompile Include="External\DirectXTK12\Audio\WaveBank.cpp">
      <Filter>External\DirectXTK12\Audio</Filter>
    </ClCompile>
    <ClCompile Include="External\DirectXTK12\Audio\WaveBankReader.cpp">
      <Filter>External\DirectXTK12\Audio</Filter>
    </ClCompile>
    <ClCompile Include="External\DirectXTK12\Audio\WAVFileReader.cpp">
      <Filter>External\DirectXTK12\Audio</Filter>
    </ClCompile>
    <ClCompile Include="External\DirectXTK12\Src\AlphaTestEffect.cpp">
      <Filter>External\DirectXTK12\Src</Filter>
    </ClCompile>
    <ClCompile Include="External\DirectXTK12\Src\BasicEffect.cpp">
      <Filter>External\DirectXTK12\Src</Filter>
    </ClCompile>
    <ClCompile Include="External\DirectXTK12\Src\BasicPostProcess.cpp">
      <Filter>External\DirectXTK12\Src</Filter>
    </ClCompile>
    <ClCompile Include="External\DirectXTK12\Src\BinaryReader.cpp">
      <Filter>External\DirectXTK12\Src</Filter>
    </ClCompile>
    <ClCompile Include="External\DirectXTK12\Src\BufferHelpers.cpp">
      <Filter>External\DirectXTK12\Src</Filter>
    </ClCompile>
    <ClCompile Include="External\DirectXTK12\Src\CommonStates.cpp">
      <Filter>External\DirectXTK12\Src</Filter>
    </ClCompile>
    <ClCompile Include="External\DirectXTK12\Src\DDSTextureLoader.cpp">
      <Filter>External\DirectXTK12\Src</Filter>
    </ClCompile>
    <ClCompile Include="External\DirectXTK12\Src\DebugEffect.cpp">
      <Filter>External\DirectXTK12\Src</Filter>
    </ClCompile>
    <ClCompile Include="External\DirectXTK12\Src\DescriptorHeap.cpp">
      <Filter>External\DirectXTK12\Src</Filter>
    </ClCompile>
    <ClCompile Include="External\DirectXTK12\Src\DirectXHelpers.cpp">
      <Filter>External\DirectXTK12\Src</Filter>
    </ClCompile>
    <ClCompile Include="External\DirectXTK12\Src\DualPostProcess.cpp">
      <Filter>External\DirectXTK12\Src</Filter>
    </ClCompile>
    <ClCompile Include="External\DirectXTK12\Src\DualTextureEffect.cpp">
      <Filter>External\DirectXTK12\Src</Filter>
    </ClCompile>
    <ClCompile Include="External\DirectXTK12\Src\EffectCommon.cpp">
      <Filter>External\DirectXTK12\Src</Filter>
    </ClCompile>
    <ClCompile Include="External\DirectXTK12\Src\EffectFactory.cpp">
      <Filter>External\DirectXTK12\Src</Filter>
    </ClCompile>
    <ClCompile Include="External\DirectXTK12\Src\EffectPipelineStateDescription.cpp">
      <Filter>External\DirectXTK12\Src</Filter>
    </ClCompile>
    <ClCompile Include="External\DirectXTK12\Src\EffectTextureFactory.cpp">
      <Filter>External\DirectXTK12\Src</Filter>
    </ClCompile>
    <ClCompile Include="External\DirectXTK12\Src\EnvironmentMapEffect.cpp">
      <Filter>External\DirectXTK12\Src</Filter>
    </ClCompile>
    <ClCompile Include="External\DirectXTK12\Src\GamePad.cpp">
      <Filter>External\DirectXTK12\Src</Filter>
    </ClCompile>
    <ClCompile Include="External\DirectXTK12\Src\GeometricPrimitive.cpp">
      <Filter>External\DirectXTK12\Src</Filter>
    </ClCompile>
    <ClCompile Include="External\DirectXTK12\Src\Geometry.cpp">
      <Filter>External\DirectXTK12\Src</Filter>
    </ClCompile>
    <ClCompile Include="External\DirectXTK12\Src\GraphicsMemory.cpp">
      <Filter>External\DirectXTK12\Src</Filter>
    </ClCompile>
    <ClCompile Include="External\DirectXTK12\Src\Keyboard.cpp">
      <Filter>External\DirectXTK12\Src</Filter>
    </ClCompile>
    <ClCompile Include="External\DirectXTK12\Src\LinearAllocator.cpp">
      <Filter>External\DirectXTK12\Src</Filter>
    </ClCompile>
    <ClCompile Include="External\DirectXTK12\Src\Model.cpp">
      <Filter>External\DirectXTK12\Src</Filter>
    </ClCompile>
    <ClCompile Include="External\DirectXTK12\Src\ModelLoadCMO.cpp">
      <Filter>External\DirectXTK12\Src</Filter>
    </ClCompile>
    <ClCompile Include="External\DirectXTK12\Src\ModelLoadSDKMESH.cpp">
      <Filter>External\DirectXTK12\Src</Filter>
    </ClCompile>
    <ClCompile Include="External\DirectXTK12\Src\ModelLoadVBO.cpp">
      <Filter>External\DirectXTK12\Src</Filter>
    </ClCompile>
    <ClCompile Include="External\DirectXTK12\Src\Mouse.cpp">
      <Filter>External\DirectXTK12\Src</Filter>
    </ClCompile>
    <ClCompile Include="External\DirectXTK12\Src\NormalMapEffect.cpp">
      <Filter>External\DirectXTK12\Src</Filter>
    </ClCompile>
    <ClCompile Include="External\DirectXTK12\Src\PBREffect.cpp">
      <Filter>External\DirectXTK12\Src</Filter>
    </ClCompile>
    <ClCompile Include="External\DirectXTK12\Src\PBREffectFactory.cpp">
      <Filter>External\DirectXTK12\Src</Filter>
    </ClCompile>
    <ClCompile Include="External\DirectXTK12\Src\pch.cpp">
      <Filter>External\DirectXTK12\Src</Filter>
    </ClCompile>
    <ClCompile Include="External\DirectXTK12\Src\PrimitiveBatch.cpp">
      <Filter>External\DirectXTK12\Src</Filter>
    </ClCompile>
    <ClCompile Include="External\DirectXTK12\Src\ResourceUploadBatch.cpp">
      <Filter>External\DirectXTK12\Src</Filter>
    </ClCompile>
    <ClCompile Include="External\DirectXTK12\Src\ScreenGrab.cpp">
      <Filter>External\DirectXTK12\Src</Filter>
    </ClCompile>
    <ClCompile Include="External\DirectXTK12\Src\SimpleMath.cpp">
      <Filter>External\DirectXTK12\Src</Filter>
    </ClCompile>
    <ClCompile Include="External\DirectXTK12\Src\SkinnedEffect.cpp">
      <Filter>External\DirectXTK12\Src</Filter>
    </ClCompile>
    <ClCompile Include="External\DirectXTK12\Src\SpriteBatch.cpp">
      <Filter>External\DirectXTK12\Src</Filter>
    </ClCompile>
    <ClCompile Include="External\DirectXTK12\Src\SpriteFont.cpp">
      <Filter>External\DirectXTK12\Src</Filter>
    </ClCompile>
    <ClCompile Include="External\DirectXTK12\Src\ToneMapPostProcess.cpp">
      <Filter>External\DirectXTK12\Src</Filter>
    </ClCompile>
    <ClCompile Include="External\DirectXTK12\Src\VertexTypes.cpp">
      <Filter>External\DirectXTK12\Src</Filter>
    </ClCompile>
    <ClCompile Include="External\DirectXTK12\Src\WICTextureLoader.cpp">
      <Filter>External\DirectXTK12\Src</Filter>
    </ClCompile>
    <ClCompile Include="External\DirectXTK12\Src\XboxDDSTextureLoader.cpp">
      <Filter>External\DirectXTK12\Src</Filter>
    </ClCompile>
    <ClCompile Include="External\imgui\imgui.cpp">
      <Filter>External\imgui</Filter>
    </ClCompile>
    <ClCompile Include="External\imgui\imgui_demo.cpp">
      <Filter>External\imgui</Filter>
    </ClCompile>
    <ClCompile Include="External\imgui\imgui_draw.cpp">
      <Filter>External\imgui</Filter>
    </ClCompile>
    <ClCompile Include="External\imgui\imgui_tables.cpp">
      <Filter>External\imgui</Filter>
    </ClCompile>
    <ClCompile Include="External\imgui\imgui_widgets.cpp">
      <Filter>External\imgui</Filter>
    </ClCompile>
    <ClCompile Include="External\imgui\backends\imgui_impl_dx12.cpp">
      <Filter>External\imgui\backends</Filter>
    </ClCompile>
    <ClCompile Include="External\imgui\backends\imgui_impl_win32.cpp">
      <Filter>External\imgui\backends</Filter>
    </ClCompile>
  </ItemGroup>
  <ItemGroup>
    <None Include="packages.config" />
    <None Include="External\DirectXTK12\Inc\SimpleMath.inl">
      <Filter>External\DirectXTK12\Inc</Filter>
    </None>
  </ItemGroup>
</Project>