<?xml version="1.0" encoding="utf-8"?>
<Project ToolsVersion="4.0" xmlns="http://schemas.microsoft.com/developer/msbuild/2003">
  <ItemGroup>
    <Filter Include="Code">
      <UniqueIdentifier>{4FC737F1-C7A5-4376-A066-2A32D752A2FF}</UniqueIdentifier>
      <Extensions>cpp;c;cc;cxx;c++;cppm;ixx;def;odl;idl;hpj;bat;asm;asmx</Extensions>
    </Filter>
    <Filter Include="Texture">
      <UniqueIdentifier>{67DA6AB6-F800-4c08-8B7A-83BB121AAD01}</UniqueIdentifier>
      <Extensions>rc;ico;cur;bmp;dlg;rc2;rct;bin;rgs;gif;jpg;jpeg;jpe;resx;tiff;tif;png;wav;mfcribbon-ms</Extensions>
    </Filter>
    <Filter Include="Shader">
      <UniqueIdentifier>{93995380-89BD-4b04-88EB-625FBE52EBFB}</UniqueIdentifier>
      <Extensions>h;hh;hpp;hxx;h++;hm;inl;inc;ipp;xsd</Extensions>
    </Filter>
    <Filter Include="Model">
      <UniqueIdentifier>{6e957d62-9b12-431c-aeb2-3f8f2a7fa65a}</UniqueIdentifier>
    </Filter>
    <Filter Include="World">
      <UniqueIdentifier>{1a4ec806-9a5e-451c-b02d-332fc33fc57f}</UniqueIdentifier>
    </Filter>
    <Filter Include="External">
      <UniqueIdentifier>{535d5251-68ea-42bb-a79d-58b1290f3716}</UniqueIdentifier>
    </Filter>
    <Filter Include="Code\Header">
      <UniqueIdentifier>{25b5a41b-3129-4886-8d7f-bbae0bf0c663}</UniqueIdentifier>
    </Filter>
    <Filter Include="Code\Source">
      <UniqueIdentifier>{c8998182-6060-436d-ad9a-b5123500c11b}</UniqueIdentifier>
    </Filter>
  </ItemGroup>
  <ItemGroup>
    <ClInclude Include="Code\Header\BaseApp.h">
      <Filter>Code\Header</Filter>
    </ClInclude>
    <ClInclude Include="Code\Header\TheseusApp.h">
      <Filter>Code\Header</Filter>
    </ClInclude>
    <ClInclude Include="Code\Header\Timer.h">
      <Filter>Code\Header</Filter>
    </ClInclude>
  </ItemGroup>
  <ItemGroup>
    <ClCompile Include="Code\Source\main.cpp">
      <Filter>Code\Source</Filter>
    </ClCompile>
    <ClCompile Include="Code\Source\TheseusApp.cpp">
      <Filter>Code\Source</Filter>
    </ClCompile>
  </ItemGroup>
  <ItemGroup>
    <None Include="packages.config" />
  </ItemGroup>
</Project>